// !$*UTF8*$!
{
	archiveVersion = 1;
	classes = {
	};
	objectVersion = 46;
	objects = {

/* Begin PBXBuildFile section */
		BBC06FE71D2C371900522322 /* main.m in Sources */ = {isa = PBXBuildFile; fileRef = BBC06FE61D2C371900522322 /* main.m */; };
		BBC06FEA1D2C371900522322 /* AppDelegate.m in Sources */ = {isa = PBXBuildFile; fileRef = BBC06FE91D2C371900522322 /* AppDelegate.m */; };
		BBC06FED1D2C371900522322 /* ViewController.m in Sources */ = {isa = PBXBuildFile; fileRef = BBC06FEC1D2C371900522322 /* ViewController.m */; };
		BBC06FF01D2C371900522322 /* Main.storyboard in Resources */ = {isa = PBXBuildFile; fileRef = BBC06FEE1D2C371900522322 /* Main.storyboard */; };
		BBC06FF21D2C371900522322 /* Assets.xcassets in Resources */ = {isa = PBXBuildFile; fileRef = BBC06FF11D2C371900522322 /* Assets.xcassets */; };
		BBC06FF51D2C371900522322 /* LaunchScreen.storyboard in Resources */ = {isa = PBXBuildFile; fileRef = BBC06FF31D2C371900522322 /* LaunchScreen.storyboard */; };
/* End PBXBuildFile section */

/* Begin PBXFileReference section */
		BBC06FE21D2C371900522322 /* GitHubTest.app */ = {isa = PBXFileReference; explicitFileType = wrapper.application; includeInIndex = 0; path = GitHubTest.app; sourceTree = BUILT_PRODUCTS_DIR; };
		BBC06FE61D2C371900522322 /* main.m */ = {isa = PBXFileReference; lastKnownFileType = sourcecode.c.objc; path = main.m; sourceTree = "<group>"; };
		BBC06FE81D2C371900522322 /* AppDelegate.h */ = {isa = PBXFileReference; lastKnownFileType = sourcecode.c.h; path = AppDelegate.h; sourceTree = "<group>"; };
		BBC06FE91D2C371900522322 /* AppDelegate.m */ = {isa = PBXFileReference; lastKnownFileType = sourcecode.c.objc; path = AppDelegate.m; sourceTree = "<group>"; };
		BBC06FEB1D2C371900522322 /* ViewController.h */ = {isa = PBXFileReference; lastKnownFileType = sourcecode.c.h; path = ViewController.h; sourceTree = "<group>"; };
		BBC06FEC1D2C371900522322 /* ViewController.m */ = {isa = PBXFileReference; lastKnownFileType = sourcecode.c.objc; path = ViewController.m; sourceTree = "<group>"; };
		BBC06FEF1D2C371900522322 /* Base */ = {isa = PBXFileReference; lastKnownFileType = file.storyboard; name = Base; path = Base.lproj/Main.storyboard; sourceTree = "<group>"; };
		BBC06FF11D2C371900522322 /* Assets.xcassets */ = {isa = PBXFileReference; lastKnownFileType = folder.assetcatalog; path = Assets.xcassets; sourceTree = "<group>"; };
		BBC06FF41D2C371900522322 /* Base */ = {isa = PBXFileReference; lastKnownFileType = file.storyboard; name = Base; path = Base.lproj/LaunchScreen.storyboard; sourceTree = "<group>"; };
		BBC06FF61D2C371900522322 /* Info.plist */ = {isa = PBXFileReference; lastKnownFileType = text.plist.xml; path = Info.plist; sourceTree = "<group>"; };
/* End PBXFileReference section */

/* Begin PBXFrameworksBuildPhase section */
		BBC06FDF1D2C371900522322 /* Frameworks */ = {
			isa = PBXFrameworksBuildPhase;
			buildActionMask = 2147483647;
			files = (
			);
			runOnlyForDeploymentPostprocessing = 0;
		};
/* End PBXFrameworksBuildPhase section */

/* Begin PBXGroup section */
		BBC06FD91D2C371900522322 = {
			isa = PBXGroup;
			children = (
				BBC06FE41D2C371900522322 /* GitHubTest */,
				BBC06FE31D2C371900522322 /* Products */,
			);
			sourceTree = "<group>";
		};
		BBC06FE31D2C371900522322 /* Products */ = {
			isa = PBXGroup;
			children = (
				BBC06FE21D2C371900522322 /* GitHubTest.app */,
			);
			name = Products;
			sourceTree = "<group>";
		};
		BBC06FE41D2C371900522322 /* GitHubTest */ = {
			isa = PBXGroup;
			children = (
				BBC06FE81D2C371900522322 /* AppDelegate.h */,
				BBC06FE91D2C371900522322 /* AppDelegate.m */,
				BBC06FEB1D2C371900522322 /* ViewController.h */,
				BBC06FEC1D2C371900522322 /* ViewController.m */,
				BBC06FEE1D2C371900522322 /* Main.storyboard */,
				BBC06FF11D2C371900522322 /* Assets.xcassets */,
				BBC06FF31D2C371900522322 /* LaunchScreen.storyboard */,
				BBC06FF61D2C371900522322 /* Info.plist */,
				BBC06FE51D2C371900522322 /* Supporting Files */,
			);
			path = GitHubTest;
			sourceTree = "<group>";
		};
		BBC06FE51D2C371900522322 /* Supporting Files */ = {
			isa = PBXGroup;
			children = (
				BBC06FE61D2C371900522322 /* main.m */,
			);
			name = "Supporting Files";
			sourceTree = "<group>";
		};
/* End PBXGroup section */

/* Begin PBXNativeTarget section */
		BBC06FE11D2C371900522322 /* GitHubTest */ = {
			isa = PBXNativeTarget;
			buildConfigurationList = BBC06FF91D2C371900522322 /* Build configuration list for PBXNativeTarget "GitHubTest" */;
			buildPhases = (
				BBC06FDE1D2C371900522322 /* Sources */,
				BBC06FDF1D2C371900522322 /* Frameworks */,
				BBC06FE01D2C371900522322 /* Resources */,
			);
			buildRules = (
			);
			dependencies = (
			);
			name = GitHubTest;
			productName = GitHubTest;
			productReference = BBC06FE21D2C371900522322 /* GitHubTest.app */;
			productType = "com.apple.product-type.application";
		};
/* End PBXNativeTarget section */

/* Begin PBXProject section */
		BBC06FDA1D2C371900522322 /* Project object */ = {
			isa = PBXProject;
			attributes = {
				LastUpgradeCheck = 0730;
				ORGANIZATIONNAME = "Bill Wang";
				TargetAttributes = {
					BBC06FE11D2C371900522322 = {
						CreatedOnToolsVersion = 7.3.1;
					};
				};
			};
			buildConfigurationList = BBC06FDD1D2C371900522322 /* Build configuration list for PBXProject "GitHubTest" */;
			compatibilityVersion = "Xcode 3.2";
			developmentRegion = English;
			hasScannedForEncodings = 0;
			knownRegions = (
				en,
				Base,
			);
			mainGroup = BBC06FD91D2C371900522322;
			productRefGroup = BBC06FE31D2C371900522322 /* Products */;
			projectDirPath = "";
			projectRoot = "";
			targets = (
				BBC06FE11D2C371900522322 /* GitHubTest */,
			);
		};
/* End PBXProject section */

/* Begin PBXResourcesBuildPhase section */
		BBC06FE01D2C371900522322 /* Resources */ = {
			isa = PBXResourcesBuildPhase;
			buildActionMask = 2147483647;
			files = (
				BBC06FF51D2C371900522322 /* LaunchScreen.storyboard in Resources */,
				BBC06FF21D2C371900522322 /* Assets.xcassets in Resources */,
				BBC06FF01D2C371900522322 /* Main.storyboard in Resources */,
			);
			runOnlyForDeploymentPostprocessing = 0;
		};
/* End PBXResourcesBuildPhase section */

/* Begin PBXSourcesBuildPhase section */
		BBC06FDE1D2C371900522322 /* Sources */ = {
			isa = PBXSourcesBuildPhase;
			buildActionMask = 2147483647;
			files = (
				BBC06FED1D2C371900522322 /* ViewController.m in Sources */,
				BBC06FEA1D2C371900522322 /* AppDelegate.m in Sources */,
				BBC06FE71D2C371900522322 /* main.m in Sources */,
			);
			runOnlyForDeploymentPostprocessing = 0;
		};
/* End PBXSourcesBuildPhase section */

/* Begin PBXVariantGroup section */
		BBC06FEE1D2C371900522322 /* Main.storyboard */ = {
			isa = PBXVariantGroup;
			children = (
				BBC06FEF1D2C371900522322 /* Base */,
			);
			name = Main.storyboard;
			sourceTree = "<group>";
		};
		BBC06FF31D2C371900522322 /* LaunchScreen.storyboard */ = {
			isa = PBXVariantGroup;
			children = (
				BBC06FF41D2C371900522322 /* Base */,
			);
			name = LaunchScreen.storyboard;
			sourceTree = "<group>";
		};
/* End PBXVariantGroup section */

/* Begin XCBuildConfiguration section */
		BBC06FF71D2C371900522322 /* Debug */ = {
			isa = XCBuildConfiguration;
			buildSettings = {
				ALWAYS_SEARCH_USER_PATHS = NO;
				CLANG_ANALYZER_NONNULL = YES;
				CLANG_CXX_LANGUAGE_STANDARD = "gnu++0x";
				CLANG_CXX_LIBRARY = "libc++";
				CLANG_ENABLE_MODULES = YES;
				CLANG_ENABLE_OBJC_ARC = YES;
				CLANG_WARN_BOOL_CONVERSION = YES;
				CLANG_WARN_CONSTANT_CONVERSION = YES;
				CLANG_WARN_DIRECT_OBJC_ISA_USAGE = YES_ERROR;
				CLANG_WARN_EMPTY_BODY = YES;
				CLANG_WARN_ENUM_CONVERSION = YES;
				CLANG_WARN_INT_CONVERSION = YES;
				CLANG_WARN_OBJC_ROOT_CLASS = YES_ERROR;
				CLANG_WARN_UNREACHABLE_CODE = YES;
				CLANG_WARN__DUPLICATE_METHOD_MATCH = YES;
				"CODE_SIGN_IDENTITY[sdk=iphoneos*]" = "iPhone Developer";
				COPY_PHASE_STRIP = NO;
				DEBUG_INFORMATION_FORMAT = dwarf;
				ENABLE_STRICT_OBJC_MSGSEND = YES;
				ENABLE_TESTABILITY = YES;
				GCC_C_LANGUAGE_STANDARD = gnu99;
				GCC_DYNAMIC_NO_PIC = NO;
				GCC_NO_COMMON_BLOCKS = YES;
				GCC_OPTIMIZATION_LEVEL = 0;
				GCC_PREPROCESSOR_DEFINITIONS = (
					"DEBUG=1",
					"$(inherited)",
				);
				GCC_WARN_64_TO_32_BIT_CONVERSION = YES;
				GCC_WARN_ABOUT_RETURN_TYPE = YES_ERROR;
				GCC_WARN_UNDECLARED_SELECTOR = YES;
				GCC_WARN_UNINITIALIZED_AUTOS = YES_AGGRESSIVE;
				GCC_WARN_UNUSED_FUNCTION = YES;
				GCC_WARN_UNUSED_VARIABLE = YES;
				IPHONEOS_DEPLOYMENT_TARGET = 9.3;
				MTL_ENABLE_DEBUG_INFO = YES;
				ONLY_ACTIVE_ARCH = YES;
				SDKROOT = iphoneos;
				TARGETED_DEVICE_FAMILY = "1,2";
			};
			name = Debug;
		};
		BBC06FF81D2C371900522322 /* Release */ = {
			isa = XCBuildConfiguration;
			buildSettings = {
				ALWAYS_SEARCH_USER_PATHS = NO;
				CLANG_ANALYZER_NONNULL = YES;
				CLANG_CXX_LANGUAGE_STANDARD = "gnu++0x";
				CLANG_CXX_LIBRARY = "libc++";
				CLANG_ENABLE_MODULES = YES;
				CLANG_ENABLE_OBJC_ARC = YES;
				CLANG_WARN_BOOL_CONVERSION = YES;
				CLANG_WARN_CONSTANT_CONVERSION = YES;
				CLANG_WARN_DIRECT_OBJC_ISA_USAGE = YES_ERROR;
				CLANG_WARN_EMPTY_BODY = YES;
				CLANG_WARN_ENUM_CONVERSION = YES;
				CLANG_WARN_INT_CONVERSION = YES;
				CLANG_WARN_OBJC_ROOT_CLASS = YES_ERROR;
				CLANG_WARN_UNREACHABLE_CODE = YES;
				CLANG_WARN__DUPLICATE_METHOD_MATCH = YES;
				"CODE_SIGN_IDENTITY[sdk=iphoneos*]" = "iPhone Developer";
				COPY_PHASE_STRIP = NO;
				DEBUG_INFORMATION_FORMAT = "dwarf-with-dsym";
				ENABLE_NS_ASSERTIONS = NO;
				ENABLE_STRICT_OBJC_MSGSEND = YES;
				GCC_C_LANGUAGE_STANDARD = gnu99;
				GCC_NO_COMMON_BLOCKS = YES;
				GCC_WARN_64_TO_32_BIT_CONVERSION = YES;
				GCC_WARN_ABOUT_RETURN_TYPE = YES_ERROR;
				GCC_WARN_UNDECLARED_SELECTOR = YES;
				GCC_WARN_UNINITIALIZED_AUTOS = YES_AGGRESSIVE;
				GCC_WARN_UNUSED_FUNCTION = YES;
				GCC_WARN_UNUSED_VARIABLE = YES;
				IPHONEOS_DEPLOYMENT_TARGET = 9.3;
				MTL_ENABLE_DEBUG_INFO = NO;
				SDKROOT = iphoneos;
				TARGETED_DEVICE_FAMILY = "1,2";
				VALIDATE_PRODUCT = YES;
			};
			name = Release;
		};
		BBC06FFA1D2C371900522322 /* Debug */ = {
			isa = XCBuildConfiguration;
			buildSettings = {
				ASSETCATALOG_COMPILER_APPICON_NAME = AppIcon;
				INFOPLIST_FILE = GitHubTest/Info.plist;
				LD_RUNPATH_SEARCH_PATHS = "$(inherited) @executable_path/Frameworks";
				PRODUCT_BUNDLE_IDENTIFIER = com.wkb.GitHubTest;
				PRODUCT_NAME = "$(TARGET_NAME)";
			};
			name = Debug;
		};
		BBC06FFB1D2C371900522322 /* Release */ = {
			isa = XCBuildConfiguration;
			buildSettings = {
				ASSETCATALOG_COMPILER_APPICON_NAME = AppIcon;
				INFOPLIST_FILE = GitHubTest/Info.plist;
				LD_RUNPATH_SEARCH_PATHS = "$(inherited) @executable_path/Frameworks";
				PRODUCT_BUNDLE_IDENTIFIER = com.wkb.GitHubTest;
				PRODUCT_NAME = "$(TARGET_NAME)";
			};
			name = Release;
		};
/* End XCBuildConfiguration section */

/* Begin XCConfigurationList section */
		BBC06FDD1D2C371900522322 /* Build configuration list for PBXProject "GitHubTest" */ = {
			isa = XCConfigurationList;
			buildConfigurations = (
				BBC06FF71D2C371900522322 /* Debug */,
				BBC06FF81D2C371900522322 /* Release */,
			);
			defaultConfigurationIsVisible = 0;
			defaultConfigurationName = Release;
		};
		BBC06FF91D2C371900522322 /* Build configuration list for PBXNativeTarget "GitHubTest" */ = {
			isa = XCConfigurationList;
			buildConfigurations = (
				BBC06FFA1D2C371900522322 /* Debug */,
				BBC06FFB1D2C371900522322 /* Release */,
			);
			defaultConfigurationIsVisible = 0;
		};
/* End XCConfigurationList section */
	};
	rootObject = BBC06FDA1D2C371900522322 /* Project object */;
}
